// !$*UTF8*$!
{
	archiveVersion = 1;
	classes = {
	};
	objectVersion = 50;
	objects = {

/* Begin PBXBuildFile section */
		906F073225C855C200A4FEBB /* AppDelegate.swift in Sources */ = {isa = PBXBuildFile; fileRef = 906F073125C855C200A4FEBB /* AppDelegate.swift */; };
		906F073425C855C200A4FEBB /* SceneDelegate.swift in Sources */ = {isa = PBXBuildFile; fileRef = 906F073325C855C200A4FEBB /* SceneDelegate.swift */; };
		906F073625C855C200A4FEBB /* ViewController.swift in Sources */ = {isa = PBXBuildFile; fileRef = 906F073525C855C200A4FEBB /* ViewController.swift */; };
		906F073925C855C200A4FEBB /* Main.storyboard in Resources */ = {isa = PBXBuildFile; fileRef = 906F073725C855C200A4FEBB /* Main.storyboard */; };
		906F073B25C855C300A4FEBB /* Assets.xcassets in Resources */ = {isa = PBXBuildFile; fileRef = 906F073A25C855C300A4FEBB /* Assets.xcassets */; };
		906F073E25C855C300A4FEBB /* LaunchScreen.storyboard in Resources */ = {isa = PBXBuildFile; fileRef = 906F073C25C855C300A4FEBB /* LaunchScreen.storyboard */; };
		EE440237EBE492C6D1D0FBF6 /* Pods_Grotto_Center.framework in Frameworks */ = {isa = PBXBuildFile; fileRef = EDBAB1F3C8091BC853A665AA /* Pods_Grotto_Center.framework */; };
/* End PBXBuildFile section */

/* Begin PBXFileReference section */
		3DE93731B0521C833F7E2AED /* Pods-Grotto Center.release.xcconfig */ = {isa = PBXFileReference; includeInIndex = 1; lastKnownFileType = text.xcconfig; name = "Pods-Grotto Center.release.xcconfig"; path = "Target Support Files/Pods-Grotto Center/Pods-Grotto Center.release.xcconfig"; sourceTree = "<group>"; };
		75D981AA48603A12B2467184 /* Pods-Grotto Center.debug.xcconfig */ = {isa = PBXFileReference; includeInIndex = 1; lastKnownFileType = text.xcconfig; name = "Pods-Grotto Center.debug.xcconfig"; path = "Target Support Files/Pods-Grotto Center/Pods-Grotto Center.debug.xcconfig"; sourceTree = "<group>"; };
		906F072E25C855C200A4FEBB /* Grotto Center.app */ = {isa = PBXFileReference; explicitFileType = wrapper.application; includeInIndex = 0; path = "Grotto Center.app"; sourceTree = BUILT_PRODUCTS_DIR; };
		906F073125C855C200A4FEBB /* AppDelegate.swift */ = {isa = PBXFileReference; lastKnownFileType = sourcecode.swift; path = AppDelegate.swift; sourceTree = "<group>"; };
		906F073325C855C200A4FEBB /* SceneDelegate.swift */ = {isa = PBXFileReference; lastKnownFileType = sourcecode.swift; path = SceneDelegate.swift; sourceTree = "<group>"; };
		906F073525C855C200A4FEBB /* ViewController.swift */ = {isa = PBXFileReference; lastKnownFileType = sourcecode.swift; path = ViewController.swift; sourceTree = "<group>"; };
		906F073825C855C200A4FEBB /* Base */ = {isa = PBXFileReference; lastKnownFileType = file.storyboard; name = Base; path = Base.lproj/Main.storyboard; sourceTree = "<group>"; };
		906F073A25C855C300A4FEBB /* Assets.xcassets */ = {isa = PBXFileReference; lastKnownFileType = folder.assetcatalog; path = Assets.xcassets; sourceTree = "<group>"; };
		906F073D25C855C300A4FEBB /* Base */ = {isa = PBXFileReference; lastKnownFileType = file.storyboard; name = Base; path = Base.lproj/LaunchScreen.storyboard; sourceTree = "<group>"; };
		906F073F25C855C300A4FEBB /* Info.plist */ = {isa = PBXFileReference; lastKnownFileType = text.plist.xml; path = Info.plist; sourceTree = "<group>"; };
		EDBAB1F3C8091BC853A665AA /* Pods_Grotto_Center.framework */ = {isa = PBXFileReference; explicitFileType = wrapper.framework; includeInIndex = 0; path = Pods_Grotto_Center.framework; sourceTree = BUILT_PRODUCTS_DIR; };
/* End PBXFileReference section */

/* Begin PBXFrameworksBuildPhase section */
		906F072B25C855C200A4FEBB /* Frameworks */ = {
			isa = PBXFrameworksBuildPhase;
			buildActionMask = 2147483647;
			files = (
				EE440237EBE492C6D1D0FBF6 /* Pods_Grotto_Center.framework in Frameworks */,
			);
			runOnlyForDeploymentPostprocessing = 0;
		};
/* End PBXFrameworksBuildPhase section */

/* Begin PBXGroup section */
		74C4AC930E142478BFAF9F25 /* Frameworks */ = {
			isa = PBXGroup;
			children = (
				EDBAB1F3C8091BC853A665AA /* Pods_Grotto_Center.framework */,
			);
			name = Frameworks;
			sourceTree = "<group>";
		};
		906F072525C855C200A4FEBB = {
			isa = PBXGroup;
			children = (
				906F073025C855C200A4FEBB /* Grotto Center */,
				906F072F25C855C200A4FEBB /* Products */,
				9B2044EF567CDF4FF775884E /* Pods */,
				74C4AC930E142478BFAF9F25 /* Frameworks */,
			);
			sourceTree = "<group>";
		};
		906F072F25C855C200A4FEBB /* Products */ = {
			isa = PBXGroup;
			children = (
				906F072E25C855C200A4FEBB /* Grotto Center.app */,
			);
			name = Products;
			sourceTree = "<group>";
		};
		906F073025C855C200A4FEBB /* Grotto Center */ = {
			isa = PBXGroup;
			children = (
				906F073125C855C200A4FEBB /* AppDelegate.swift */,
				906F073325C855C200A4FEBB /* SceneDelegate.swift */,
				906F073525C855C200A4FEBB /* ViewController.swift */,
				906F073725C855C200A4FEBB /* Main.storyboard */,
				906F073A25C855C300A4FEBB /* Assets.xcassets */,
				906F073C25C855C300A4FEBB /* LaunchScreen.storyboard */,
				906F073F25C855C300A4FEBB /* Info.plist */,
			);
			path = "Grotto Center";
			sourceTree = "<group>";
		};
		9B2044EF567CDF4FF775884E /* Pods */ = {
			isa = PBXGroup;
			children = (
				75D981AA48603A12B2467184 /* Pods-Grotto Center.debug.xcconfig */,
				3DE93731B0521C833F7E2AED /* Pods-Grotto Center.release.xcconfig */,
			);
			name = Pods;
			path = Pods;
			sourceTree = "<group>";
		};
/* End PBXGroup section */

/* Begin PBXNativeTarget section */
		906F072D25C855C200A4FEBB /* Grotto Center */ = {
			isa = PBXNativeTarget;
			buildConfigurationList = 906F074225C855C300A4FEBB /* Build configuration list for PBXNativeTarget "Grotto Center" */;
			buildPhases = (
				A1484686C87CF2CDF55F63F7 /* [CP] Check Pods Manifest.lock */,
				906F072A25C855C200A4FEBB /* Sources */,
				906F072B25C855C200A4FEBB /* Frameworks */,
				906F072C25C855C200A4FEBB /* Resources */,
				6674B70DD2D552B985C65D67 /* [CP] Embed Pods Frameworks */,
			);
			buildRules = (
			);
			dependencies = (
			);
			name = "Grotto Center";
			productName = "Grotto Center";
			productReference = 906F072E25C855C200A4FEBB /* Grotto Center.app */;
			productType = "com.apple.product-type.application";
		};
/* End PBXNativeTarget section */

/* Begin PBXProject section */
		906F072625C855C200A4FEBB /* Project object */ = {
			isa = PBXProject;
			attributes = {
				LastSwiftUpdateCheck = 1240;
				LastUpgradeCheck = 1240;
				TargetAttributes = {
					906F072D25C855C200A4FEBB = {
						CreatedOnToolsVersion = 12.4;
					};
				};
			};
			buildConfigurationList = 906F072925C855C200A4FEBB /* Build configuration list for PBXProject "Grotto Center" */;
			compatibilityVersion = "Xcode 9.3";
			developmentRegion = en;
			hasScannedForEncodings = 0;
			knownRegions = (
				en,
				Base,
			);
			mainGroup = 906F072525C855C200A4FEBB;
			productRefGroup = 906F072F25C855C200A4FEBB /* Products */;
			projectDirPath = "";
			projectRoot = "";
			targets = (
				906F072D25C855C200A4FEBB /* Grotto Center */,
			);
		};
/* End PBXProject section */

/* Begin PBXResourcesBuildPhase section */
		906F072C25C855C200A4FEBB /* Resources */ = {
			isa = PBXResourcesBuildPhase;
			buildActionMask = 2147483647;
			files = (
				906F073E25C855C300A4FEBB /* LaunchScreen.storyboard in Resources */,
				906F073B25C855C300A4FEBB /* Assets.xcassets in Resources */,
				906F073925C855C200A4FEBB /* Main.storyboard in Resources */,
			);
			runOnlyForDeploymentPostprocessing = 0;
		};
/* End PBXResourcesBuildPhase section */

/* Begin PBXShellScriptBuildPhase section */
		6674B70DD2D552B985C65D67 /* [CP] Embed Pods Frameworks */ = {
			isa = PBXShellScriptBuildPhase;
			buildActionMask = 2147483647;
			files = (
			);
			inputFileListPaths = (
				"${PODS_ROOT}/Target Support Files/Pods-Grotto Center/Pods-Grotto Center-frameworks-${CONFIGURATION}-input-files.xcfilelist",
			);
			name = "[CP] Embed Pods Frameworks";
			outputFileListPaths = (
				"${PODS_ROOT}/Target Support Files/Pods-Grotto Center/Pods-Grotto Center-frameworks-${CONFIGURATION}-output-files.xcfilelist",
			);
			runOnlyForDeploymentPostprocessing = 0;
			shellPath = /bin/sh;
			shellScript = "\"${PODS_ROOT}/Target Support Files/Pods-Grotto Center/Pods-Grotto Center-frameworks.sh\"\n";
			showEnvVarsInLog = 0;
		};
		A1484686C87CF2CDF55F63F7 /* [CP] Check Pods Manifest.lock */ = {
			isa = PBXShellScriptBuildPhase;
			buildActionMask = 2147483647;
			files = (
			);
			inputFileListPaths = (
			);
			inputPaths = (
				"${PODS_PODFILE_DIR_PATH}/Podfile.lock",
				"${PODS_ROOT}/Manifest.lock",
			);
			name = "[CP] Check Pods Manifest.lock";
			outputFileListPaths = (
			);
			outputPaths = (
				"$(DERIVED_FILE_DIR)/Pods-Grotto Center-checkManifestLockResult.txt",
			);
			runOnlyForDeploymentPostprocessing = 0;
			shellPath = /bin/sh;
			shellScript = "diff \"${PODS_PODFILE_DIR_PATH}/Podfile.lock\" \"${PODS_ROOT}/Manifest.lock\" > /dev/null\nif [ $? != 0 ] ; then\n    # print error to STDERR\n    echo \"error: The sandbox is not in sync with the Podfile.lock. Run 'pod install' or update your CocoaPods installation.\" >&2\n    exit 1\nfi\n# This output is used by Xcode 'outputs' to avoid re-running this script phase.\necho \"SUCCESS\" > \"${SCRIPT_OUTPUT_FILE_0}\"\n";
			showEnvVarsInLog = 0;
		};
/* End PBXShellScriptBuildPhase section */

/* Begin PBXSourcesBuildPhase section */
		906F072A25C855C200A4FEBB /* Sources */ = {
			isa = PBXSourcesBuildPhase;
			buildActionMask = 2147483647;
			files = (
				906F073625C855C200A4FEBB /* ViewController.swift in Sources */,
				906F073225C855C200A4FEBB /* AppDelegate.swift in Sources */,
				906F073425C855C200A4FEBB /* SceneDelegate.swift in Sources */,
			);
			runOnlyForDeploymentPostprocessing = 0;
		};
/* End PBXSourcesBuildPhase section */

/* Begin PBXVariantGroup section */
		906F073725C855C200A4FEBB /* Main.storyboard */ = {
			isa = PBXVariantGroup;
			children = (
				906F073825C855C200A4FEBB /* Base */,
			);
			name = Main.storyboard;
			sourceTree = "<group>";
		};
		906F073C25C855C300A4FEBB /* LaunchScreen.storyboard */ = {
			isa = PBXVariantGroup;
			children = (
				906F073D25C855C300A4FEBB /* Base */,
			);
			name = LaunchScreen.storyboard;
			sourceTree = "<group>";
		};
/* End PBXVariantGroup section */

/* Begin XCBuildConfiguration section */
		906F074025C855C300A4FEBB /* Debug */ = {
			isa = XCBuildConfiguration;
			buildSettings = {
				ALWAYS_SEARCH_USER_PATHS = NO;
				CLANG_ANALYZER_NONNULL = YES;
				CLANG_ANALYZER_NUMBER_OBJECT_CONVERSION = YES_AGGRESSIVE;
				CLANG_CXX_LANGUAGE_STANDARD = "gnu++14";
				CLANG_CXX_LIBRARY = "libc++";
				CLANG_ENABLE_MODULES = YES;
				CLANG_ENABLE_OBJC_ARC = YES;
				CLANG_ENABLE_OBJC_WEAK = YES;
				CLANG_WARN_BLOCK_CAPTURE_AUTORELEASING = YES;
				CLANG_WARN_BOOL_CONVERSION = YES;
				CLANG_WARN_COMMA = YES;
				CLANG_WARN_CONSTANT_CONVERSION = YES;
				CLANG_WARN_DEPRECATED_OBJC_IMPLEMENTATIONS = YES;
				CLANG_WARN_DIRECT_OBJC_ISA_USAGE = YES_ERROR;
				CLANG_WARN_DOCUMENTATION_COMMENTS = YES;
				CLANG_WARN_EMPTY_BODY = YES;
				CLANG_WARN_ENUM_CONVERSION = YES;
				CLANG_WARN_INFINITE_RECURSION = YES;
				CLANG_WARN_INT_CONVERSION = YES;
				CLANG_WARN_NON_LITERAL_NULL_CONVERSION = YES;
				CLANG_WARN_OBJC_IMPLICIT_RETAIN_SELF = YES;
				CLANG_WARN_OBJC_LITERAL_CONVERSION = YES;
				CLANG_WARN_OBJC_ROOT_CLASS = YES_ERROR;
				CLANG_WARN_QUOTED_INCLUDE_IN_FRAMEWORK_HEADER = YES;
				CLANG_WARN_RANGE_LOOP_ANALYSIS = YES;
				CLANG_WARN_STRICT_PROTOTYPES = YES;
				CLANG_WARN_SUSPICIOUS_MOVE = YES;
				CLANG_WARN_UNGUARDED_AVAILABILITY = YES_AGGRESSIVE;
				CLANG_WARN_UNREACHABLE_CODE = YES;
				CLANG_WARN__DUPLICATE_METHOD_MATCH = YES;
				COPY_PHASE_STRIP = NO;
				DEBUG_INFORMATION_FORMAT = dwarf;
				ENABLE_STRICT_OBJC_MSGSEND = YES;
				ENABLE_TESTABILITY = YES;
				GCC_C_LANGUAGE_STANDARD = gnu11;
				GCC_DYNAMIC_NO_PIC = NO;
				GCC_NO_COMMON_BLOCKS = YES;
				GCC_OPTIMIZATION_LEVEL = 0;
				GCC_PREPROCESSOR_DEFINITIONS = (
					"DEBUG=1",
					"$(inherited)",
				);
				GCC_WARN_64_TO_32_BIT_CONVERSION = YES;
				GCC_WARN_ABOUT_RETURN_TYPE = YES_ERROR;
				GCC_WARN_UNDECLARED_SELECTOR = YES;
				GCC_WARN_UNINITIALIZED_AUTOS = YES_AGGRESSIVE;
				GCC_WARN_UNUSED_FUNCTION = YES;
				GCC_WARN_UNUSED_VARIABLE = YES;
				IPHONEOS_DEPLOYMENT_TARGET = 14.4;
				MTL_ENABLE_DEBUG_INFO = INCLUDE_SOURCE;
				MTL_FAST_MATH = YES;
				ONLY_ACTIVE_ARCH = YES;
				SDKROOT = iphoneos;
				SWIFT_ACTIVE_COMPILATION_CONDITIONS = DEBUG;
				SWIFT_OPTIMIZATION_LEVEL = "-Onone";
			};
			name = Debug;
		};
		906F074125C855C300A4FEBB /* Release */ = {
			isa = XCBuildConfiguration;
			buildSettings = {
				ALWAYS_SEARCH_USER_PATHS = NO;
				CLANG_ANALYZER_NONNULL = YES;
				CLANG_ANALYZER_NUMBER_OBJECT_CONVERSION = YES_AGGRESSIVE;
				CLANG_CXX_LANGUAGE_STANDARD = "gnu++14";
				CLANG_CXX_LIBRARY = "libc++";
				CLANG_ENABLE_MODULES = YES;
				CLANG_ENABLE_OBJC_ARC = YES;
				CLANG_ENABLE_OBJC_WEAK = YES;
				CLANG_WARN_BLOCK_CAPTURE_AUTORELEASING = YES;
				CLANG_WARN_BOOL_CONVERSION = YES;
				CLANG_WARN_COMMA = YES;
				CLANG_WARN_CONSTANT_CONVERSION = YES;
				CLANG_WARN_DEPRECATED_OBJC_IMPLEMENTATIONS = YES;
				CLANG_WARN_DIRECT_OBJC_ISA_USAGE = YES_ERROR;
				CLANG_WARN_DOCUMENTATION_COMMENTS = YES;
				CLANG_WARN_EMPTY_BODY = YES;
				CLANG_WARN_ENUM_CONVERSION = YES;
				CLANG_WARN_INFINITE_RECURSION = YES;
				CLANG_WARN_INT_CONVERSION = YES;
				CLANG_WARN_NON_LITERAL_NULL_CONVERSION = YES;
				CLANG_WARN_OBJC_IMPLICIT_RETAIN_SELF = YES;
				CLANG_WARN_OBJC_LITERAL_CONVERSION = YES;
				CLANG_WARN_OBJC_ROOT_CLASS = YES_ERROR;
				CLANG_WARN_QUOTED_INCLUDE_IN_FRAMEWORK_HEADER = YES;
				CLANG_WARN_RANGE_LOOP_ANALYSIS = YES;
				CLANG_WARN_STRICT_PROTOTYPES = YES;
				CLANG_WARN_SUSPICIOUS_MOVE = YES;
				CLANG_WARN_UNGUARDED_AVAILABILITY = YES_AGGRESSIVE;
				CLANG_WARN_UNREACHABLE_CODE = YES;
				CLANG_WARN__DUPLICATE_METHOD_MATCH = YES;
				COPY_PHASE_STRIP = NO;
				DEBUG_INFORMATION_FORMAT = "dwarf-with-dsym";
				ENABLE_NS_ASSERTIONS = NO;
				ENABLE_STRICT_OBJC_MSGSEND = YES;
				GCC_C_LANGUAGE_STANDARD = gnu11;
				GCC_NO_COMMON_BLOCKS = YES;
				GCC_WARN_64_TO_32_BIT_CONVERSION = YES;
				GCC_WARN_ABOUT_RETURN_TYPE = YES_ERROR;
				GCC_WARN_UNDECLARED_SELECTOR = YES;
				GCC_WARN_UNINITIALIZED_AUTOS = YES_AGGRESSIVE;
				GCC_WARN_UNUSED_FUNCTION = YES;
				GCC_WARN_UNUSED_VARIABLE = YES;
				IPHONEOS_DEPLOYMENT_TARGET = 14.4;
				MTL_ENABLE_DEBUG_INFO = NO;
				MTL_FAST_MATH = YES;
				SDKROOT = iphoneos;
				SWIFT_COMPILATION_MODE = wholemodule;
				SWIFT_OPTIMIZATION_LEVEL = "-O";
				VALIDATE_PRODUCT = YES;
			};
			name = Release;
		};
		906F074325C855C300A4FEBB /* Debug */ = {
			isa = XCBuildConfiguration;
			baseConfigurationReference = 75D981AA48603A12B2467184 /* Pods-Grotto Center.debug.xcconfig */;
			buildSettings = {
				ASSETCATALOG_COMPILER_APPICON_NAME = AppIcon;
				ASSETCATALOG_COMPILER_GLOBAL_ACCENT_COLOR_NAME = AccentColor;
				CODE_SIGN_STYLE = Automatic;
				DEVELOPMENT_TEAM = FT3D266XN7;
				INFOPLIST_FILE = "Grotto Center/Info.plist";
				LD_RUNPATH_SEARCH_PATHS = (
					"$(inherited)",
					"@executable_path/Frameworks",
				);
				PRODUCT_BUNDLE_IDENTIFIER = "com.valentin-limagne.Grotto-Center";
				PRODUCT_NAME = "$(TARGET_NAME)";
				SWIFT_VERSION = 5.0;
				TARGETED_DEVICE_FAMILY = "1,2";
			};
			name = Debug;
		};
		906F074425C855C300A4FEBB /* Release */ = {
			isa = XCBuildConfiguration;
			baseConfigurationReference = 3DE93731B0521C833F7E2AED /* Pods-Grotto Center.release.xcconfig */;
			buildSettings = {
				ASSETCATALOG_COMPILER_APPICON_NAME = AppIcon;
				ASSETCATALOG_COMPILER_GLOBAL_ACCENT_COLOR_NAME = AccentColor;
				CODE_SIGN_STYLE = Automatic;
				DEVELOPMENT_TEAM = FT3D266XN7;
				INFOPLIST_FILE = "Grotto Center/Info.plist";
				LD_RUNPATH_SEARCH_PATHS = (
					"$(inherited)",
					"@executable_path/Frameworks",
				);
				PRODUCT_BUNDLE_IDENTIFIER = "com.valentin-limagne.Grotto-Center";
				PRODUCT_NAME = "$(TARGET_NAME)";
				SWIFT_VERSION = 5.0;
				TARGETED_DEVICE_FAMILY = "1,2";
			};
			name = Release;
		};
/* End XCBuildConfiguration section */

/* Begin XCConfigurationList section */
		906F072925C855C200A4FEBB /* Build configuration list for PBXProject "Grotto Center" */ = {
			isa = XCConfigurationList;
			buildConfigurations = (
				906F074025C855C300A4FEBB /* Debug */,
				906F074125C855C300A4FEBB /* Release */,
			);
			defaultConfigurationIsVisible = 0;
			defaultConfigurationName = Release;
		};
		906F074225C855C300A4FEBB /* Build configuration list for PBXNativeTarget "Grotto Center" */ = {
			isa = XCConfigurationList;
			buildConfigurations = (
				906F074325C855C300A4FEBB /* Debug */,
				906F074425C855C300A4FEBB /* Release */,
			);
			defaultConfigurationIsVisible = 0;
			defaultConfigurationName = Release;
		};
/* End XCConfigurationList section */
	};
	rootObject = 906F072625C855C200A4FEBB /* Project object */;
}
